
Microsoft Visual Studio Solution File, Format Version 12.00
# Visual Studio Version 16
VisualStudioVersion = 16.0.30621.155
MinimumVisualStudioVersion = 10.0.40219.1
Project("{FAE04EC0-301F-11D3-BF4B-00C04F79EFBC}") = "SecureApi_samy", "SecureApi_samy\SecureApi_samy.csproj", "{A185ABF9-C2DC-4A86-A9E1-430222154C55}"
EndProject
Global
	GlobalSection(SolutionConfigurationPlatforms) = preSolution
		Debug|Any CPU = Debug|Any CPU
		Release|Any CPU = Release|Any CPU
	EndGlobalSection
	GlobalSection(ProjectConfigurationPlatforms) = postSolution
		{A185ABF9-C2DC-4A86-A9E1-430222154C55}.Debug|Any CPU.ActiveCfg = Debug|Any CPU
		{A185ABF9-C2DC-4A86-A9E1-430222154C55}.Debug|Any CPU.Build.0 = Debug|Any CPU
		{A185ABF9-C2DC-4A86-A9E1-430222154C55}.Release|Any CPU.ActiveCfg = Release|Any CPU
		{A185ABF9-C2DC-4A86-A9E1-430222154C55}.Release|Any CPU.Build.0 = Release|Any CPU
	EndGlobalSection
	GlobalSection(SolutionProperties) = preSolution
		HideSolutionNode = FALSE
	EndGlobalSection
	GlobalSection(ExtensibilityGlobals) = postSolution
		SolutionGuid = {A19F5F1A-525F-435D-9DC2-E2D9D8CBBE43}
	EndGlobalSection
EndGlobal
